
Microsoft Visual Studio Solution File, Format Version 12.00
# Visual Studio Version 16
VisualStudioVersion = 16.0.31321.278
MinimumVisualStudioVersion = 10.0.40219.1
Project("{FAE04EC0-301F-11D3-BF4B-00C04F79EFBC}") = "KillHeal", "KillHeal.csproj", "{2D95D927-D03C-4AE4-B36B-59DA5F92747B}"
EndProject
Global
	GlobalSection(SolutionConfigurationPlatforms) = preSolution
		Debug|Any CPU = Debug|Any CPU
		Release|Any CPU = Release|Any CPU
	EndGlobalSection
	GlobalSection(ProjectConfigurationPlatforms) = postSolution
		{2D95D927-D03C-4AE4-B36B-59DA5F92747B}.Debug|Any CPU.ActiveCfg = Debug|Any CPU
		{2D95D927-D03C-4AE4-B36B-59DA5F92747B}.Debug|Any CPU.Build.0 = Debug|Any CPU
		{2D95D927-D03C-4AE4-B36B-59DA5F92747B}.Release|Any CPU.ActiveCfg = Release|Any CPU
		{2D95D927-D03C-4AE4-B36B-59DA5F92747B}.Release|Any CPU.Build.0 = Release|Any CPU
	EndGlobalSection
	GlobalSection(SolutionProperties) = preSolution
		HideSolutionNode = FALSE
	EndGlobalSection
	GlobalSection(ExtensibilityGlobals) = postSolution
		SolutionGuid = {5DC05769-0780-4B26-8AAE-54CD2DC61814}
	EndGlobalSection
EndGlobal
